# This file is autogenerated, do not edit; changes may be undone by the next 'dep ensure'.


[[projects]]
  digest = "1:608fc82deb7fb40091afd8a37a8480f7e511d83ffdb2501beeff711e5ffd6def"
  name = "github.com/golang/protobuf"
  packages = [
    "jsonpb",
    "proto",
    "protoc-gen-go/descriptor",
    "protoc-gen-go/plugin",
    "ptypes/struct",
    "ptypes/timestamp",
  ]
  pruneopts = "UT"
  revision = "6c65a5562fc06764971b7c5d05c76c75e84bdbf7"
  version = "v1.3.2"

[[projects]]
  digest = "1:3e4e48c9f105d853f5e11c8b3375fdbdc67a232b719d9735f37e817b1af76b31"
  name = "github.com/lyft/protoc-gen-star"
  packages = ["."]
  pruneopts = "UT"
  revision = "4423c004ec45b908f9883cd959bc1795f1d134af"
  version = "v0.4.12"

[[projects]]
  digest = "1:bb495ec276ab82d3dd08504bbc0594a65de8c3b22c6f2aaa92d05b73fbf3a82e"
  name = "github.com/spf13/afero"
  packages = [
    ".",
    "mem",
  ]
  pruneopts = "UT"
  revision = "588a75ec4f32903aa5e39a2619ba6a4631e28424"
  version = "v1.2.2"

[[projects]]
  digest = "1:7b226abe6e9a8ef9148fd5ad5a3ba2d83c34d339e6caa2daa8176e95da65474a"
  name = "github.com/twitchtv/twirp"
  packages = [
    ".",
    "ctxsetters",
    "internal/contextkeys",
  ]
  pruneopts = "UT"
  revision = "525a6ca20f0ed4fe66a00e512d7487399f1322f9"
  version = "v5.9.0"

[[projects]]
  digest = "1:1093f2eb4b344996604f7d8b29a16c5b22ab9e1b25652140d3fede39f640d5cd"
  name = "golang.org/x/text"
  packages = [
    "internal/gen",
    "internal/triegen",
    "internal/ucd",
    "transform",
    "unicode/cldr",
    "unicode/norm",
  ]
  pruneopts = "UT"
  revision = "342b2e1fbaa52c93f31447ad2c6abc048c63e475"
  version = "v0.3.2"

[solve-meta]
  analyzer-name = "dep"
  analyzer-version = 1
  input-imports = [
    "github.com/golang/protobuf/jsonpb",
    "github.com/golang/protobuf/proto",
    "github.com/golang/protobuf/ptypes/timestamp",
    "github.com/lyft/protoc-gen-star",
    "github.com/twitchtv/twirp",
    "github.com/twitchtv/twirp/ctxsetters",
  ]
  solver-name = "gps-cdcl"
  solver-version = 1
